
Microsoft Visual Studio Solution File, Format Version 12.00
# Visual Studio Version 16
VisualStudioVersion = 16.0.30717.126
MinimumVisualStudioVersion = 10.0.40219.1
Project("{9A19103F-16F7-4668-BE54-9A1E7A4F7556}") = "SCM.RuleEngine.Tests", "SCM.RuleEngine.Tests\SCM.RuleEngine.Tests.csproj", "{B1D6CCA8-8A6D-479B-A97D-F391737494C8}"
EndProject
Project("{9A19103F-16F7-4668-BE54-9A1E7A4F7556}") = "SCM.RuleEngine.Core", "SCM.RuleEngine.Core\SCM.RuleEngine.Core.csproj", "{2F71DCA0-E6D3-48E3-857E-2EE8453B8400}"
EndProject
Project("{9A19103F-16F7-4668-BE54-9A1E7A4F7556}") = "SCM.RuleEngine.Domain", "SCM.RuleEngine.Domain\SCM.RuleEngine.Domain.csproj", "{A947D3BE-C8F8-4B3C-A802-D2D63A2E3050}"
EndProject
Project("{9A19103F-16F7-4668-BE54-9A1E7A4F7556}") = "SCM.Service.Abstraction", "SCM.Service.Abstraction\SCM.Service.Abstraction.csproj", "{237487B4-6CC8-4742-87FD-62E579CA665F}"
EndProject
Project("{9A19103F-16F7-4668-BE54-9A1E7A4F7556}") = "SCM.Service", "SCM.Service\SCM.Service.csproj", "{0A9893C9-98F8-4E64-9303-15881EAE4E7D}"
EndProject
Project("{FAE04EC0-301F-11D3-BF4B-00C04F79EFBC}") = "SCM.RuleEngine.API", "SCM.RuleEngine.API\SCM.RuleEngine.API.csproj", "{B6821AC6-8FE8-4DC4-A54C-2CF19701E590}"
EndProject
Global
	GlobalSection(SolutionConfigurationPlatforms) = preSolution
		Debug|Any CPU = Debug|Any CPU
		Release|Any CPU = Release|Any CPU
	EndGlobalSection
	GlobalSection(ProjectConfigurationPlatforms) = postSolution
		{B1D6CCA8-8A6D-479B-A97D-F391737494C8}.Debug|Any CPU.ActiveCfg = Debug|Any CPU
		{B1D6CCA8-8A6D-479B-A97D-F391737494C8}.Debug|Any CPU.Build.0 = Debug|Any CPU
		{B1D6CCA8-8A6D-479B-A97D-F391737494C8}.Release|Any CPU.ActiveCfg = Release|Any CPU
		{B1D6CCA8-8A6D-479B-A97D-F391737494C8}.Release|Any CPU.Build.0 = Release|Any CPU
		{2F71DCA0-E6D3-48E3-857E-2EE8453B8400}.Debug|Any CPU.ActiveCfg = Debug|Any CPU
		{2F71DCA0-E6D3-48E3-857E-2EE8453B8400}.Debug|Any CPU.Build.0 = Debug|Any CPU
		{2F71DCA0-E6D3-48E3-857E-2EE8453B8400}.Release|Any CPU.ActiveCfg = Release|Any CPU
		{2F71DCA0-E6D3-48E3-857E-2EE8453B8400}.Release|Any CPU.Build.0 = Release|Any CPU
		{A947D3BE-C8F8-4B3C-A802-D2D63A2E3050}.Debug|Any CPU.ActiveCfg = Debug|Any CPU
		{A947D3BE-C8F8-4B3C-A802-D2D63A2E3050}.Debug|Any CPU.Build.0 = Debug|Any CPU
		{A947D3BE-C8F8-4B3C-A802-D2D63A2E3050}.Release|Any CPU.ActiveCfg = Release|Any CPU
		{A947D3BE-C8F8-4B3C-A802-D2D63A2E3050}.Release|Any CPU.Build.0 = Release|Any CPU
		{237487B4-6CC8-4742-87FD-62E579CA665F}.Debug|Any CPU.ActiveCfg = Debug|Any CPU
		{237487B4-6CC8-4742-87FD-62E579CA665F}.Debug|Any CPU.Build.0 = Debug|Any CPU
		{237487B4-6CC8-4742-87FD-62E579CA665F}.Release|Any CPU.ActiveCfg = Release|Any CPU
		{237487B4-6CC8-4742-87FD-62E579CA665F}.Release|Any CPU.Build.0 = Release|Any CPU
		{0A9893C9-98F8-4E64-9303-15881EAE4E7D}.Debug|Any CPU.ActiveCfg = Debug|Any CPU
		{0A9893C9-98F8-4E64-9303-15881EAE4E7D}.Debug|Any CPU.Build.0 = Debug|Any CPU
		{0A9893C9-98F8-4E64-9303-15881EAE4E7D}.Release|Any CPU.ActiveCfg = Release|Any CPU
		{0A9893C9-98F8-4E64-9303-15881EAE4E7D}.Release|Any CPU.Build.0 = Release|Any CPU
		{B6821AC6-8FE8-4DC4-A54C-2CF19701E590}.Debug|Any CPU.ActiveCfg = Debug|Any CPU
		{B6821AC6-8FE8-4DC4-A54C-2CF19701E590}.Debug|Any CPU.Build.0 = Debug|Any CPU
		{B6821AC6-8FE8-4DC4-A54C-2CF19701E590}.Release|Any CPU.ActiveCfg = Release|Any CPU
		{B6821AC6-8FE8-4DC4-A54C-2CF19701E590}.Release|Any CPU.Build.0 = Release|Any CPU
	EndGlobalSection
	GlobalSection(SolutionProperties) = preSolution
		HideSolutionNode = FALSE
	EndGlobalSection
	GlobalSection(ExtensibilityGlobals) = postSolution
		SolutionGuid = {99267ACD-259B-4B35-B9AF-38C5FB8E58E0}
	EndGlobalSection
EndGlobal
